
Microsoft Visual Studio Solution File, Format Version 12.00
# Visual Studio 15
VisualStudioVersion = 15.0.26430.6
MinimumVisualStudioVersion = 10.0.40219.1
Project("{888888A0-9F3D-457C-B088-3A5042F75D52}") = "Linear Algebra Project", "Linear Algebra Project\Linear Algebra Project.pyproj", "{B510E1D9-A45C-47E7-9FDD-1F1C55B69085}"
EndProject
Global
	GlobalSection(SolutionConfigurationPlatforms) = preSolution
		Debug|Any CPU = Debug|Any CPU
		Release|Any CPU = Release|Any CPU
	EndGlobalSection
	GlobalSection(ProjectConfigurationPlatforms) = postSolution
		{B510E1D9-A45C-47E7-9FDD-1F1C55B69085}.Debug|Any CPU.ActiveCfg = Debug|Any CPU
		{B510E1D9-A45C-47E7-9FDD-1F1C55B69085}.Release|Any CPU.ActiveCfg = Release|Any CPU
	EndGlobalSection
	GlobalSection(SolutionProperties) = preSolution
		HideSolutionNode = FALSE
	EndGlobalSection
EndGlobal
